
Microsoft Visual Studio Solution File, Format Version 12.00
# Visual Studio Version 17
VisualStudioVersion = 17.11.35327.3
MinimumVisualStudioVersion = 10.0.40219.1
Project("{9A19103F-16F7-4668-BE54-9A1E7A4F7556}") = "FluxoDeCaixa.API", "FluxoDeCaixa.API.csproj", "{452A7504-0602-430D-AA7A-03A1EEECB2B4}"
EndProject
Project("{9A19103F-16F7-4668-BE54-9A1E7A4F7556}") = "FluxoDeCaixa.Domain", "..\domain\FluxoDeCaixa.Domain.csproj", "{7E01AF81-85CC-4217-A80E-79040608DD40}"
EndProject
Project("{9A19103F-16F7-4668-BE54-9A1E7A4F7556}") = "FluxoDeCaixa.Infrastructure", "..\infrastructure\FluxoDeCaixa.Infrastructure.csproj", "{97C83531-E89C-45E1-877A-90EE2362CE05}"
EndProject
Global
	GlobalSection(SolutionConfigurationPlatforms) = preSolution
		Debug|Any CPU = Debug|Any CPU
		Release|Any CPU = Release|Any CPU
	EndGlobalSection
	GlobalSection(ProjectConfigurationPlatforms) = postSolution
		{452A7504-0602-430D-AA7A-03A1EEECB2B4}.Debug|Any CPU.ActiveCfg = Debug|Any CPU
		{452A7504-0602-430D-AA7A-03A1EEECB2B4}.Debug|Any CPU.Build.0 = Debug|Any CPU
		{452A7504-0602-430D-AA7A-03A1EEECB2B4}.Release|Any CPU.ActiveCfg = Release|Any CPU
		{452A7504-0602-430D-AA7A-03A1EEECB2B4}.Release|Any CPU.Build.0 = Release|Any CPU
		{7E01AF81-85CC-4217-A80E-79040608DD40}.Debug|Any CPU.ActiveCfg = Debug|Any CPU
		{7E01AF81-85CC-4217-A80E-79040608DD40}.Debug|Any CPU.Build.0 = Debug|Any CPU
		{7E01AF81-85CC-4217-A80E-79040608DD40}.Release|Any CPU.ActiveCfg = Release|Any CPU
		{7E01AF81-85CC-4217-A80E-79040608DD40}.Release|Any CPU.Build.0 = Release|Any CPU
		{97C83531-E89C-45E1-877A-90EE2362CE05}.Debug|Any CPU.ActiveCfg = Debug|Any CPU
		{97C83531-E89C-45E1-877A-90EE2362CE05}.Debug|Any CPU.Build.0 = Debug|Any CPU
		{97C83531-E89C-45E1-877A-90EE2362CE05}.Release|Any CPU.ActiveCfg = Release|Any CPU
		{97C83531-E89C-45E1-877A-90EE2362CE05}.Release|Any CPU.Build.0 = Release|Any CPU
	EndGlobalSection
	GlobalSection(SolutionProperties) = preSolution
		HideSolutionNode = FALSE
	EndGlobalSection
	GlobalSection(ExtensibilityGlobals) = postSolution
		SolutionGuid = {2377D83A-406F-4983-AEB9-977A2F7FD58B}
	EndGlobalSection
EndGlobal
