
Microsoft Visual Studio Solution File, Format Version 12.00
# Visual Studio Version 17
VisualStudioVersion = 17.12.35527.113
MinimumVisualStudioVersion = 10.0.40219.1
Project("{FAE04EC0-301F-11D3-BF4B-00C04F79EFBC}") = "FluxoDeCaixa.Mobile", "FluxoDeCaixa.Mobile\FluxoDeCaixa.Mobile.csproj", "{CCAB55CF-C25C-4B97-826B-DEA7A323334A}"
EndProject
Project("{FAE04EC0-301F-11D3-BF4B-00C04F79EFBC}") = "FluxoDeCaixa.Data", "FluxoDeCaixa.Data\FluxoDeCaixa.Data.csproj", "{AFB26B2C-7B3D-409A-8340-1D6D7A865831}"
EndProject
Global
	GlobalSection(SolutionConfigurationPlatforms) = preSolution
		Debug|Any CPU = Debug|Any CPU
		Release|Any CPU = Release|Any CPU
	EndGlobalSection
	GlobalSection(ProjectConfigurationPlatforms) = postSolution
		{CCAB55CF-C25C-4B97-826B-DEA7A323334A}.Debug|Any CPU.ActiveCfg = Debug|Any CPU
		{CCAB55CF-C25C-4B97-826B-DEA7A323334A}.Debug|Any CPU.Build.0 = Debug|Any CPU
		{CCAB55CF-C25C-4B97-826B-DEA7A323334A}.Release|Any CPU.ActiveCfg = Release|Any CPU
		{CCAB55CF-C25C-4B97-826B-DEA7A323334A}.Release|Any CPU.Build.0 = Release|Any CPU
		{AFB26B2C-7B3D-409A-8340-1D6D7A865831}.Debug|Any CPU.ActiveCfg = Debug|Any CPU
		{AFB26B2C-7B3D-409A-8340-1D6D7A865831}.Debug|Any CPU.Build.0 = Debug|Any CPU
		{AFB26B2C-7B3D-409A-8340-1D6D7A865831}.Release|Any CPU.ActiveCfg = Release|Any CPU
		{AFB26B2C-7B3D-409A-8340-1D6D7A865831}.Release|Any CPU.Build.0 = Release|Any CPU
	EndGlobalSection
	GlobalSection(SolutionProperties) = preSolution
		HideSolutionNode = FALSE
	EndGlobalSection
EndGlobal
