
Microsoft Visual Studio Solution File, Format Version 12.00
# Visual Studio Version 17
VisualStudioVersion = 17.7.34202.233
MinimumVisualStudioVersion = 10.0.40219.1
Project("{FAE04EC0-301F-11D3-BF4B-00C04F79EFBC}") = "FluxoDeCaixa.Mobile", "FluxoDeCaixa.Mobile\FluxoDeCaixa.Mobile.csproj", "{DE275AAF-A47E-4619-B02D-FAE301868E30}"
EndProject
Project("{FAE04EC0-301F-11D3-BF4B-00C04F79EFBC}") = "FluxoDeCaixa.Domain", "FluxoDeCaixa.Domain\FluxoDeCaixa.Domain.csproj", "{AFADEF09-951C-4B5E-ACB5-DC118C463C16}"
EndProject
Project("{FAE04EC0-301F-11D3-BF4B-00C04F79EFBC}") = "FluxoDeCaixa.Data", "FluxoDeCaixa.Data\FluxoDeCaixa.Data.csproj", "{0DBF6D51-FC4B-48B9-A7F1-1D9BB42A4B22}"
EndProject
Global
	GlobalSection(SolutionConfigurationPlatforms) = preSolution
		Debug|Any CPU = Debug|Any CPU
		Release|Any CPU = Release|Any CPU
	EndGlobalSection
	GlobalSection(ProjectConfigurationPlatforms) = postSolution
		{DE275AAF-A47E-4619-B02D-FAE301868E30}.Debug|Any CPU.ActiveCfg = Debug|Any CPU
		{DE275AAF-A47E-4619-B02D-FAE301868E30}.Debug|Any CPU.Build.0 = Debug|Any CPU
		{DE275AAF-A47E-4619-B02D-FAE301868E30}.Debug|Any CPU.Deploy.0 = Debug|Any CPU
		{DE275AAF-A47E-4619-B02D-FAE301868E30}.Release|Any CPU.ActiveCfg = Release|Any CPU
		{DE275AAF-A47E-4619-B02D-FAE301868E30}.Release|Any CPU.Build.0 = Release|Any CPU
		{DE275AAF-A47E-4619-B02D-FAE301868E30}.Release|Any CPU.Deploy.0 = Release|Any CPU
		{AFADEF09-951C-4B5E-ACB5-DC118C463C16}.Debug|Any CPU.ActiveCfg = Debug|Any CPU
		{AFADEF09-951C-4B5E-ACB5-DC118C463C16}.Debug|Any CPU.Build.0 = Debug|Any CPU
		{AFADEF09-951C-4B5E-ACB5-DC118C463C16}.Release|Any CPU.ActiveCfg = Release|Any CPU
		{AFADEF09-951C-4B5E-ACB5-DC118C463C16}.Release|Any CPU.Build.0 = Release|Any CPU
		{0DBF6D51-FC4B-48B9-A7F1-1D9BB42A4B22}.Debug|Any CPU.ActiveCfg = Debug|Any CPU
		{0DBF6D51-FC4B-48B9-A7F1-1D9BB42A4B22}.Debug|Any CPU.Build.0 = Debug|Any CPU
		{0DBF6D51-FC4B-48B9-A7F1-1D9BB42A4B22}.Release|Any CPU.ActiveCfg = Release|Any CPU
		{0DBF6D51-FC4B-48B9-A7F1-1D9BB42A4B22}.Release|Any CPU.Build.0 = Release|Any CPU
	EndGlobalSection
	GlobalSection(SolutionProperties) = preSolution
		HideSolutionNode = FALSE
	EndGlobalSection
	GlobalSection(ExtensibilityGlobals) = postSolution
		SolutionGuid = {2B6FE93B-7A5A-43C2-A47E-597E343ED359}
	EndGlobalSection
EndGlobal
