
Microsoft Visual Studio Solution File, Format Version 12.00
# Visual Studio Version 17
VisualStudioVersion = 17.11.35222.181
MinimumVisualStudioVersion = 10.0.40219.1
Project("{FAE04EC0-301F-11D3-BF4B-00C04F79EFBC}") = "FluxoDeCaixa.MAUI", "FluxoDeCaixa.MAUI.csproj", "{03E36C32-E923-4663-9958-4F9F23CC6CD5}"
EndProject
Project("{FAE04EC0-301F-11D3-BF4B-00C04F79EFBC}") = "FluxoDeCaixa.Infrastructure.SQLite", "..\common\infrastructure.SQLite\FluxoDeCaixa.Infrastructure.SQLite.csproj", "{A21A1D21-C9E7-43C5-899F-E6B1F2A24501}"
EndProject
Project("{FAE04EC0-301F-11D3-BF4B-00C04F79EFBC}") = "FluxoDeCaixa.Domain", "..\common\domain\FluxoDeCaixa.Domain.csproj", "{5F17DC2C-353B-4C03-B32D-D4B6A72518BF}"
EndProject
Project("{FAE04EC0-301F-11D3-BF4B-00C04F79EFBC}") = "MauiLib.UI", "..\MauiLib.UI\MauiLib.UI.csproj", "{53C93ABB-2123-4AC8-AE20-4E6A5C482041}"
EndProject
Project("{FAE04EC0-301F-11D3-BF4B-00C04F79EFBC}") = "FluentMaui", "..\FluentMaui\FluentMaui.csproj", "{E37F5330-D0CC-4241-91BE-746501E15FAC}"
EndProject
Global
	GlobalSection(SolutionConfigurationPlatforms) = preSolution
		Debug|Any CPU = Debug|Any CPU
		Release|Any CPU = Release|Any CPU
	EndGlobalSection
	GlobalSection(ProjectConfigurationPlatforms) = postSolution
		{03E36C32-E923-4663-9958-4F9F23CC6CD5}.Debug|Any CPU.ActiveCfg = Debug|Any CPU
		{03E36C32-E923-4663-9958-4F9F23CC6CD5}.Debug|Any CPU.Build.0 = Debug|Any CPU
		{03E36C32-E923-4663-9958-4F9F23CC6CD5}.Debug|Any CPU.Deploy.0 = Debug|Any CPU
		{03E36C32-E923-4663-9958-4F9F23CC6CD5}.Release|Any CPU.ActiveCfg = Release|Any CPU
		{03E36C32-E923-4663-9958-4F9F23CC6CD5}.Release|Any CPU.Build.0 = Release|Any CPU
		{03E36C32-E923-4663-9958-4F9F23CC6CD5}.Release|Any CPU.Deploy.0 = Release|Any CPU
		{A21A1D21-C9E7-43C5-899F-E6B1F2A24501}.Debug|Any CPU.ActiveCfg = Debug|Any CPU
		{A21A1D21-C9E7-43C5-899F-E6B1F2A24501}.Debug|Any CPU.Build.0 = Debug|Any CPU
		{A21A1D21-C9E7-43C5-899F-E6B1F2A24501}.Release|Any CPU.ActiveCfg = Release|Any CPU
		{A21A1D21-C9E7-43C5-899F-E6B1F2A24501}.Release|Any CPU.Build.0 = Release|Any CPU
		{5F17DC2C-353B-4C03-B32D-D4B6A72518BF}.Debug|Any CPU.ActiveCfg = Debug|Any CPU
		{5F17DC2C-353B-4C03-B32D-D4B6A72518BF}.Debug|Any CPU.Build.0 = Debug|Any CPU
		{5F17DC2C-353B-4C03-B32D-D4B6A72518BF}.Release|Any CPU.ActiveCfg = Release|Any CPU
		{5F17DC2C-353B-4C03-B32D-D4B6A72518BF}.Release|Any CPU.Build.0 = Release|Any CPU
		{53C93ABB-2123-4AC8-AE20-4E6A5C482041}.Debug|Any CPU.ActiveCfg = Debug|Any CPU
		{53C93ABB-2123-4AC8-AE20-4E6A5C482041}.Debug|Any CPU.Build.0 = Debug|Any CPU
		{53C93ABB-2123-4AC8-AE20-4E6A5C482041}.Release|Any CPU.ActiveCfg = Release|Any CPU
		{53C93ABB-2123-4AC8-AE20-4E6A5C482041}.Release|Any CPU.Build.0 = Release|Any CPU
		{E37F5330-D0CC-4241-91BE-746501E15FAC}.Debug|Any CPU.ActiveCfg = Debug|Any CPU
		{E37F5330-D0CC-4241-91BE-746501E15FAC}.Debug|Any CPU.Build.0 = Debug|Any CPU
		{E37F5330-D0CC-4241-91BE-746501E15FAC}.Release|Any CPU.ActiveCfg = Release|Any CPU
		{E37F5330-D0CC-4241-91BE-746501E15FAC}.Release|Any CPU.Build.0 = Release|Any CPU
	EndGlobalSection
	GlobalSection(SolutionProperties) = preSolution
		HideSolutionNode = FALSE
	EndGlobalSection
	GlobalSection(ExtensibilityGlobals) = postSolution
		SolutionGuid = {1910932C-B715-44FF-8152-5741F17C38FC}
	EndGlobalSection
EndGlobal
