
Microsoft Visual Studio Solution File, Format Version 12.00
# Visual Studio Version 17
VisualStudioVersion = 17.9.34728.123
MinimumVisualStudioVersion = 10.0.40219.1
Project("{FAE04EC0-301F-11D3-BF4B-00C04F79EFBC}") = "FluxoDeCaixa.Mobile", "FluxoDeCaixa.Mobile\FluxoDeCaixa.Mobile.csproj", "{A3D9D0CC-75F3-4EC4-A38A-28AE4FFB14EA}"
EndProject
Global
	GlobalSection(SolutionConfigurationPlatforms) = preSolution
		Debug|Any CPU = Debug|Any CPU
		Release|Any CPU = Release|Any CPU
	EndGlobalSection
	GlobalSection(ProjectConfigurationPlatforms) = postSolution
		{A3D9D0CC-75F3-4EC4-A38A-28AE4FFB14EA}.Debug|Any CPU.ActiveCfg = Debug|Any CPU
		{A3D9D0CC-75F3-4EC4-A38A-28AE4FFB14EA}.Debug|Any CPU.Build.0 = Debug|Any CPU
		{A3D9D0CC-75F3-4EC4-A38A-28AE4FFB14EA}.Debug|Any CPU.Deploy.0 = Debug|Any CPU
		{A3D9D0CC-75F3-4EC4-A38A-28AE4FFB14EA}.Release|Any CPU.ActiveCfg = Release|Any CPU
		{A3D9D0CC-75F3-4EC4-A38A-28AE4FFB14EA}.Release|Any CPU.Build.0 = Release|Any CPU
		{A3D9D0CC-75F3-4EC4-A38A-28AE4FFB14EA}.Release|Any CPU.Deploy.0 = Release|Any CPU
	EndGlobalSection
	GlobalSection(SolutionProperties) = preSolution
		HideSolutionNode = FALSE
	EndGlobalSection
	GlobalSection(ExtensibilityGlobals) = postSolution
		SolutionGuid = {0725D1F8-7268-4441-A7E4-1CC7FDEE7CCE}
	EndGlobalSection
EndGlobal
